
Microsoft Visual Studio Solution File, Format Version 12.00
# Visual Studio Version 16
VisualStudioVersion = 16.0.30907.101
MinimumVisualStudioVersion = 10.0.40219.1
Project("{8BC9CEB8-8B4A-11D0-8D11-00A0C91BC942}") = "cpplesson2.4.5", "cpplesson2.4.5\cpplesson2.4.5.vcxproj", "{4148F9A7-4815-4015-9B28-F4BCCE748124}"
EndProject
Global
	GlobalSection(SolutionConfigurationPlatforms) = preSolution
		Debug|x64 = Debug|x64
		Debug|x86 = Debug|x86
		Release|x64 = Release|x64
		Release|x86 = Release|x86
	EndGlobalSection
	GlobalSection(ProjectConfigurationPlatforms) = postSolution
		{4148F9A7-4815-4015-9B28-F4BCCE748124}.Debug|x64.ActiveCfg = Debug|x64
		{4148F9A7-4815-4015-9B28-F4BCCE748124}.Debug|x64.Build.0 = Debug|x64
		{4148F9A7-4815-4015-9B28-F4BCCE748124}.Debug|x86.ActiveCfg = Debug|Win32
		{4148F9A7-4815-4015-9B28-F4BCCE748124}.Debug|x86.Build.0 = Debug|Win32
		{4148F9A7-4815-4015-9B28-F4BCCE748124}.Release|x64.ActiveCfg = Release|x64
		{4148F9A7-4815-4015-9B28-F4BCCE748124}.Release|x64.Build.0 = Release|x64
		{4148F9A7-4815-4015-9B28-F4BCCE748124}.Release|x86.ActiveCfg = Release|Win32
		{4148F9A7-4815-4015-9B28-F4BCCE748124}.Release|x86.Build.0 = Release|Win32
	EndGlobalSection
	GlobalSection(SolutionProperties) = preSolution
		HideSolutionNode = FALSE
	EndGlobalSection
	GlobalSection(ExtensibilityGlobals) = postSolution
		SolutionGuid = {C54F7464-92F2-428D-91C3-38D5AA72E244}
	EndGlobalSection
EndGlobal
